
Microsoft Visual Studio Solution File, Format Version 12.00
Project("{FAE04EC0-301F-11D3-BF4B-00C04F79EFBC}") = "AuditingRecordApp", "AuditingRecordApp\AuditingRecordApp.csproj", "{CBCA1E50-64B6-4627-B572-C76121972BAD}"
EndProject
Global
	GlobalSection(SolutionConfigurationPlatforms) = preSolution
		Debug|Any CPU = Debug|Any CPU
		Release|Any CPU = Release|Any CPU
	EndGlobalSection
	GlobalSection(ProjectConfigurationPlatforms) = postSolution
		{CBCA1E50-64B6-4627-B572-C76121972BAD}.Debug|Any CPU.ActiveCfg = Debug|Any CPU
		{CBCA1E50-64B6-4627-B572-C76121972BAD}.Debug|Any CPU.Build.0 = Debug|Any CPU
		{CBCA1E50-64B6-4627-B572-C76121972BAD}.Release|Any CPU.ActiveCfg = Release|Any CPU
		{CBCA1E50-64B6-4627-B572-C76121972BAD}.Release|Any CPU.Build.0 = Release|Any CPU
	EndGlobalSection
EndGlobal
